
Microsoft Visual Studio Solution File, Format Version 12.00
# Visual Studio 2013
VisualStudioVersion = 12.0.0.0
MinimumVisualStudioVersion = 10.0.0.1
Project("{8BB2217D-0F2D-49D1-97BC-3654ED321F3B}") = "TestZeroFormatter", "TestZeroFormatter/TestZeroFormatter.xproj", "{F4EFB1C0-719F-4120-B214-E30D8DCDE0E4}"
EndProject
Global
	GlobalSection(SolutionConfigurationPlatforms) = preSolution
		Debug|Any CPU = Debug|Any CPU
		Release|Any CPU = Release|Any CPU
	EndGlobalSection
	GlobalSection(ProjectConfigurationPlatforms) = postSolution
		{F4EFB1C0-719F-4120-B214-E30D8DCDE0E4}.Debug|Any CPU.ActiveCfg = Debug|Any CPU
		{F4EFB1C0-719F-4120-B214-E30D8DCDE0E4}.Debug|Any CPU.Build.0 = Debug|Any CPU
		{F4EFB1C0-719F-4120-B214-E30D8DCDE0E4}.Release|Any CPU.ActiveCfg = Release|Any CPU
		{F4EFB1C0-719F-4120-B214-E30D8DCDE0E4}.Release|Any CPU.Build.0 = Release|Any CPU
	EndGlobalSection
	GlobalSection(SolutionProperties) = preSolution
		HideSolutionNode = FALSE
	EndGlobalSection
EndGlobal
